
Microsoft Visual Studio Solution File, Format Version 12.00
# Visual Studio Version 16
VisualStudioVersion = 16.0.808.0
MinimumVisualStudioVersion = 10.0.40219.1
Project("{9A19103F-16F7-4668-BE54-9A1E7A4F7556}") = "iEnvironment.RestAPI", "iEnvironment.RestAPI\iEnvironment.RestAPI.csproj", "{3C4BE80F-CB04-4113-B91B-20762EF60283}"
EndProject
Project("{9A19103F-16F7-4668-BE54-9A1E7A4F7556}") = "iEnvironment.Domain", "iEnvironment.Domain\iEnvironment.Domain.csproj", "{08F703F2-FB34-4C38-B84C-C102D65D5C29}"
EndProject
Project("{9A19103F-16F7-4668-BE54-9A1E7A4F7556}") = "iEnvironment.Tests", "iEnvironment.Tests\iEnvironment.Tests.csproj", "{51DDA7C9-FDB0-4D75-910D-83D8A272DDD7}"
EndProject
Project("{FAE04EC0-301F-11D3-BF4B-00C04F79EFBC}") = "BrokerMqtt", "BrokerMqtt\BrokerMqtt.csproj", "{FDE10CA6-170C-4CE7-B636-0F416BA50417}"
EndProject
Global
	GlobalSection(SolutionConfigurationPlatforms) = preSolution
		Debug|Any CPU = Debug|Any CPU
		Release|Any CPU = Release|Any CPU
	EndGlobalSection
	GlobalSection(ProjectConfigurationPlatforms) = postSolution
		{3C4BE80F-CB04-4113-B91B-20762EF60283}.Debug|Any CPU.ActiveCfg = Debug|Any CPU
		{3C4BE80F-CB04-4113-B91B-20762EF60283}.Debug|Any CPU.Build.0 = Debug|Any CPU
		{3C4BE80F-CB04-4113-B91B-20762EF60283}.Release|Any CPU.ActiveCfg = Release|Any CPU
		{3C4BE80F-CB04-4113-B91B-20762EF60283}.Release|Any CPU.Build.0 = Release|Any CPU
		{08F703F2-FB34-4C38-B84C-C102D65D5C29}.Debug|Any CPU.ActiveCfg = Debug|Any CPU
		{08F703F2-FB34-4C38-B84C-C102D65D5C29}.Debug|Any CPU.Build.0 = Debug|Any CPU
		{08F703F2-FB34-4C38-B84C-C102D65D5C29}.Release|Any CPU.ActiveCfg = Release|Any CPU
		{08F703F2-FB34-4C38-B84C-C102D65D5C29}.Release|Any CPU.Build.0 = Release|Any CPU
		{51DDA7C9-FDB0-4D75-910D-83D8A272DDD7}.Debug|Any CPU.ActiveCfg = Debug|Any CPU
		{51DDA7C9-FDB0-4D75-910D-83D8A272DDD7}.Debug|Any CPU.Build.0 = Debug|Any CPU
		{51DDA7C9-FDB0-4D75-910D-83D8A272DDD7}.Release|Any CPU.ActiveCfg = Release|Any CPU
		{51DDA7C9-FDB0-4D75-910D-83D8A272DDD7}.Release|Any CPU.Build.0 = Release|Any CPU
		{FDE10CA6-170C-4CE7-B636-0F416BA50417}.Debug|Any CPU.ActiveCfg = Debug|Any CPU
		{FDE10CA6-170C-4CE7-B636-0F416BA50417}.Debug|Any CPU.Build.0 = Debug|Any CPU
		{FDE10CA6-170C-4CE7-B636-0F416BA50417}.Release|Any CPU.ActiveCfg = Release|Any CPU
		{FDE10CA6-170C-4CE7-B636-0F416BA50417}.Release|Any CPU.Build.0 = Release|Any CPU
	EndGlobalSection
	GlobalSection(SolutionProperties) = preSolution
		HideSolutionNode = FALSE
	EndGlobalSection
	GlobalSection(ExtensibilityGlobals) = postSolution
		SolutionGuid = {6ED18CEC-AFAD-43D2-B39E-B030D5CCB015}
	EndGlobalSection
EndGlobal
